// !$*UTF8*$!
{
	archiveVersion = 1;
	classes = {
	};
	objectVersion = 56;
	objects = {

/* Begin PBXBuildFile section */
		BD53A9852C29C3CC002B4DC2 /* questionsappApp.swift in Sources */ = {isa = PBXBuildFile; fileRef = BD53A9842C29C3CC002B4DC2 /* questionsappApp.swift */; };
		BD53A9872C29C3CC002B4DC2 /* ContentView.swift in Sources */ = {isa = PBXBuildFile; fileRef = BD53A9862C29C3CC002B4DC2 /* ContentView.swift */; };
		BD53A9892C29C3CE002B4DC2 /* Assets.xcassets in Resources */ = {isa = PBXBuildFile; fileRef = BD53A9882C29C3CE002B4DC2 /* Assets.xcassets */; };
		BD53A98C2C29C3CE002B4DC2 /* Preview Assets.xcassets in Resources */ = {isa = PBXBuildFile; fileRef = BD53A98B2C29C3CE002B4DC2 /* Preview Assets.xcassets */; };
		BD53A9962C29C3CE002B4DC2 /* questionsappTests.swift in Sources */ = {isa = PBXBuildFile; fileRef = BD53A9952C29C3CE002B4DC2 /* questionsappTests.swift */; };
		BD53A9A02C29C3CE002B4DC2 /* questionsappUITests.swift in Sources */ = {isa = PBXBuildFile; fileRef = BD53A99F2C29C3CE002B4DC2 /* questionsappUITests.swift */; };
		BD53A9A22C29C3CE002B4DC2 /* questionsappUITestsLaunchTests.swift in Sources */ = {isa = PBXBuildFile; fileRef = BD53A9A12C29C3CE002B4DC2 /* questionsappUITestsLaunchTests.swift */; };
		BD53A9AF2C29C3F9002B4DC2 /* question1.swift in Sources */ = {isa = PBXBuildFile; fileRef = BD53A9AE2C29C3F9002B4DC2 /* question1.swift */; };
		BD53A9B12C29C40B002B4DC2 /* question2.swift in Sources */ = {isa = PBXBuildFile; fileRef = BD53A9B02C29C40B002B4DC2 /* question2.swift */; };
		BD53A9B32C29C419002B4DC2 /* question3.swift in Sources */ = {isa = PBXBuildFile; fileRef = BD53A9B22C29C419002B4DC2 /* question3.swift */; };
		BD53A9B52C29C425002B4DC2 /* end.swift in Sources */ = {isa = PBXBuildFile; fileRef = BD53A9B42C29C424002B4DC2 /* end.swift */; };
/* End PBXBuildFile section */

/* Begin PBXContainerItemProxy section */
		BD53A9922C29C3CE002B4DC2 /* PBXContainerItemProxy */ = {
			isa = PBXContainerItemProxy;
			containerPortal = BD53A9792C29C3CC002B4DC2 /* Project object */;
			proxyType = 1;
			remoteGlobalIDString = BD53A9802C29C3CC002B4DC2;
			remoteInfo = questionsapp;
		};
		BD53A99C2C29C3CE002B4DC2 /* PBXContainerItemProxy */ = {
			isa = PBXContainerItemProxy;
			containerPortal = BD53A9792C29C3CC002B4DC2 /* Project object */;
			proxyType = 1;
			remoteGlobalIDString = BD53A9802C29C3CC002B4DC2;
			remoteInfo = questionsapp;
		};
/* End PBXContainerItemProxy section */

/* Begin PBXFileReference section */
		BD53A9812C29C3CC002B4DC2 /* questionsapp.app */ = {isa = PBXFileReference; explicitFileType = wrapper.application; includeInIndex = 0; path = questionsapp.app; sourceTree = BUILT_PRODUCTS_DIR; };
		BD53A9842C29C3CC002B4DC2 /* questionsappApp.swift */ = {isa = PBXFileReference; lastKnownFileType = sourcecode.swift; path = questionsappApp.swift; sourceTree = "<group>"; };
		BD53A9862C29C3CC002B4DC2 /* ContentView.swift */ = {isa = PBXFileReference; lastKnownFileType = sourcecode.swift; path = ContentView.swift; sourceTree = "<group>"; };
		BD53A9882C29C3CE002B4DC2 /* Assets.xcassets */ = {isa = PBXFileReference; lastKnownFileType = folder.assetcatalog; path = Assets.xcassets; sourceTree = "<group>"; };
		BD53A98B2C29C3CE002B4DC2 /* Preview Assets.xcassets */ = {isa = PBXFileReference; lastKnownFileType = folder.assetcatalog; path = "Preview Assets.xcassets"; sourceTree = "<group>"; };
		BD53A9912C29C3CE002B4DC2 /* questionsappTests.xctest */ = {isa = PBXFileReference; explicitFileType = wrapper.cfbundle; includeInIndex = 0; path = questionsappTests.xctest; sourceTree = BUILT_PRODUCTS_DIR; };
		BD53A9952C29C3CE002B4DC2 /* questionsappTests.swift */ = {isa = PBXFileReference; lastKnownFileType = sourcecode.swift; path = questionsappTests.swift; sourceTree = "<group>"; };
		BD53A99B2C29C3CE002B4DC2 /* questionsappUITests.xctest */ = {isa = PBXFileReference; explicitFileType = wrapper.cfbundle; includeInIndex = 0; path = questionsappUITests.xctest; sourceTree = BUILT_PRODUCTS_DIR; };
		BD53A99F2C29C3CE002B4DC2 /* questionsappUITests.swift */ = {isa = PBXFileReference; lastKnownFileType = sourcecode.swift; path = questionsappUITests.swift; sourceTree = "<group>"; };
		BD53A9A12C29C3CE002B4DC2 /* questionsappUITestsLaunchTests.swift */ = {isa = PBXFileReference; lastKnownFileType = sourcecode.swift; path = questionsappUITestsLaunchTests.swift; sourceTree = "<group>"; };
		BD53A9AE2C29C3F9002B4DC2 /* question1.swift */ = {isa = PBXFileReference; lastKnownFileType = sourcecode.swift; path = question1.swift; sourceTree = "<group>"; };
		BD53A9B02C29C40B002B4DC2 /* question2.swift */ = {isa = PBXFileReference; lastKnownFileType = sourcecode.swift; path = question2.swift; sourceTree = "<group>"; };
		BD53A9B22C29C419002B4DC2 /* question3.swift */ = {isa = PBXFileReference; lastKnownFileType = sourcecode.swift; path = question3.swift; sourceTree = "<group>"; };
		BD53A9B42C29C424002B4DC2 /* end.swift */ = {isa = PBXFileReference; lastKnownFileType = sourcecode.swift; path = end.swift; sourceTree = "<group>"; };
/* End PBXFileReference section */

/* Begin PBXFrameworksBuildPhase section */
		BD53A97E2C29C3CC002B4DC2 /* Frameworks */ = {
			isa = PBXFrameworksBuildPhase;
			buildActionMask = 2147483647;
			files = (
			);
			runOnlyForDeploymentPostprocessing = 0;
		};
		BD53A98E2C29C3CE002B4DC2 /* Frameworks */ = {
			isa = PBXFrameworksBuildPhase;
			buildActionMask = 2147483647;
			files = (
			);
			runOnlyForDeploymentPostprocessing = 0;
		};
		BD53A9982C29C3CE002B4DC2 /* Frameworks */ = {
			isa = PBXFrameworksBuildPhase;
			buildActionMask = 2147483647;
			files = (
			);
			runOnlyForDeploymentPostprocessing = 0;
		};
/* End PBXFrameworksBuildPhase section */

/* Begin PBXGroup section */
		BD53A9782C29C3CC002B4DC2 = {
			isa = PBXGroup;
			children = (
				BD53A9832C29C3CC002B4DC2 /* questionsapp */,
				BD53A9942C29C3CE002B4DC2 /* questionsappTests */,
				BD53A99E2C29C3CE002B4DC2 /* questionsappUITests */,
				BD53A9822C29C3CC002B4DC2 /* Products */,
			);
			sourceTree = "<group>";
		};
		BD53A9822C29C3CC002B4DC2 /* Products */ = {
			isa = PBXGroup;
			children = (
				BD53A9812C29C3CC002B4DC2 /* questionsapp.app */,
				BD53A9912C29C3CE002B4DC2 /* questionsappTests.xctest */,
				BD53A99B2C29C3CE002B4DC2 /* questionsappUITests.xctest */,
			);
			name = Products;
			sourceTree = "<group>";
		};
		BD53A9832C29C3CC002B4DC2 /* questionsapp */ = {
			isa = PBXGroup;
			children = (
				BD53A9842C29C3CC002B4DC2 /* questionsappApp.swift */,
				BD53A9862C29C3CC002B4DC2 /* ContentView.swift */,
				BD53A9AE2C29C3F9002B4DC2 /* question1.swift */,
				BD53A9B02C29C40B002B4DC2 /* question2.swift */,
				BD53A9B22C29C419002B4DC2 /* question3.swift */,
				BD53A9B42C29C424002B4DC2 /* end.swift */,
				BD53A9882C29C3CE002B4DC2 /* Assets.xcassets */,
				BD53A98A2C29C3CE002B4DC2 /* Preview Content */,
			);
			path = questionsapp;
			sourceTree = "<group>";
		};
		BD53A98A2C29C3CE002B4DC2 /* Preview Content */ = {
			isa = PBXGroup;
			children = (
				BD53A98B2C29C3CE002B4DC2 /* Preview Assets.xcassets */,
			);
			path = "Preview Content";
			sourceTree = "<group>";
		};
		BD53A9942C29C3CE002B4DC2 /* questionsappTests */ = {
			isa = PBXGroup;
			children = (
				BD53A9952C29C3CE002B4DC2 /* questionsappTests.swift */,
			);
			path = questionsappTests;
			sourceTree = "<group>";
		};
		BD53A99E2C29C3CE002B4DC2 /* questionsappUITests */ = {
			isa = PBXGroup;
			children = (
				BD53A99F2C29C3CE002B4DC2 /* questionsappUITests.swift */,
				BD53A9A12C29C3CE002B4DC2 /* questionsappUITestsLaunchTests.swift */,
			);
			path = questionsappUITests;
			sourceTree = "<group>";
		};
/* End PBXGroup section */

/* Begin PBXNativeTarget section */
		BD53A9802C29C3CC002B4DC2 /* questionsapp */ = {
			isa = PBXNativeTarget;
			buildConfigurationList = BD53A9A52C29C3CE002B4DC2 /* Build configuration list for PBXNativeTarget "questionsapp" */;
			buildPhases = (
				BD53A97D2C29C3CC002B4DC2 /* Sources */,
				BD53A97E2C29C3CC002B4DC2 /* Frameworks */,
				BD53A97F2C29C3CC002B4DC2 /* Resources */,
			);
			buildRules = (
			);
			dependencies = (
			);
			name = questionsapp;
			productName = questionsapp;
			productReference = BD53A9812C29C3CC002B4DC2 /* questionsapp.app */;
			productType = "com.apple.product-type.application";
		};
		BD53A9902C29C3CE002B4DC2 /* questionsappTests */ = {
			isa = PBXNativeTarget;
			buildConfigurationList = BD53A9A82C29C3CE002B4DC2 /* Build configuration list for PBXNativeTarget "questionsappTests" */;
			buildPhases = (
				BD53A98D2C29C3CE002B4DC2 /* Sources */,
				BD53A98E2C29C3CE002B4DC2 /* Frameworks */,
				BD53A98F2C29C3CE002B4DC2 /* Resources */,
			);
			buildRules = (
			);
			dependencies = (
				BD53A9932C29C3CE002B4DC2 /* PBXTargetDependency */,
			);
			name = questionsappTests;
			productName = questionsappTests;
			productReference = BD53A9912C29C3CE002B4DC2 /* questionsappTests.xctest */;
			productType = "com.apple.product-type.bundle.unit-test";
		};
		BD53A99A2C29C3CE002B4DC2 /* questionsappUITests */ = {
			isa = PBXNativeTarget;
			buildConfigurationList = BD53A9AB2C29C3CE002B4DC2 /* Build configuration list for PBXNativeTarget "questionsappUITests" */;
			buildPhases = (
				BD53A9972C29C3CE002B4DC2 /* Sources */,
				BD53A9982C29C3CE002B4DC2 /* Frameworks */,
				BD53A9992C29C3CE002B4DC2 /* Resources */,
			);
			buildRules = (
			);
			dependencies = (
				BD53A99D2C29C3CE002B4DC2 /* PBXTargetDependency */,
			);
			name = questionsappUITests;
			productName = questionsappUITests;
			productReference = BD53A99B2C29C3CE002B4DC2 /* questionsappUITests.xctest */;
			productType = "com.apple.product-type.bundle.ui-testing";
		};
/* End PBXNativeTarget section */

/* Begin PBXProject section */
		BD53A9792C29C3CC002B4DC2 /* Project object */ = {
			isa = PBXProject;
			attributes = {
				BuildIndependentTargetsInParallel = 1;
				LastSwiftUpdateCheck = 1540;
				LastUpgradeCheck = 1540;
				TargetAttributes = {
					BD53A9802C29C3CC002B4DC2 = {
						CreatedOnToolsVersion = 15.4;
					};
					BD53A9902C29C3CE002B4DC2 = {
						CreatedOnToolsVersion = 15.4;
						TestTargetID = BD53A9802C29C3CC002B4DC2;
					};
					BD53A99A2C29C3CE002B4DC2 = {
						CreatedOnToolsVersion = 15.4;
						TestTargetID = BD53A9802C29C3CC002B4DC2;
					};
				};
			};
			buildConfigurationList = BD53A97C2C29C3CC002B4DC2 /* Build configuration list for PBXProject "questionsapp" */;
			compatibilityVersion = "Xcode 14.0";
			developmentRegion = en;
			hasScannedForEncodings = 0;
			knownRegions = (
				en,
				Base,
			);
			mainGroup = BD53A9782C29C3CC002B4DC2;
			productRefGroup = BD53A9822C29C3CC002B4DC2 /* Products */;
			projectDirPath = "";
			projectRoot = "";
			targets = (
				BD53A9802C29C3CC002B4DC2 /* questionsapp */,
				BD53A9902C29C3CE002B4DC2 /* questionsappTests */,
				BD53A99A2C29C3CE002B4DC2 /* questionsappUITests */,
			);
		};
/* End PBXProject section */

/* Begin PBXResourcesBuildPhase section */
		BD53A97F2C29C3CC002B4DC2 /* Resources */ = {
			isa = PBXResourcesBuildPhase;
			buildActionMask = 2147483647;
			files = (
				BD53A98C2C29C3CE002B4DC2 /* Preview Assets.xcassets in Resources */,
				BD53A9892C29C3CE002B4DC2 /* Assets.xcassets in Resources */,
			);
			runOnlyForDeploymentPostprocessing = 0;
		};
		BD53A98F2C29C3CE002B4DC2 /* Resources */ = {
			isa = PBXResourcesBuildPhase;
			buildActionMask = 2147483647;
			files = (
			);
			runOnlyForDeploymentPostprocessing = 0;
		};
		BD53A9992C29C3CE002B4DC2 /* Resources */ = {
			isa = PBXResourcesBuildPhase;
			buildActionMask = 2147483647;
			files = (
			);
			runOnlyForDeploymentPostprocessing = 0;
		};
/* End PBXResourcesBuildPhase section */

/* Begin PBXSourcesBuildPhase section */
		BD53A97D2C29C3CC002B4DC2 /* Sources */ = {
			isa = PBXSourcesBuildPhase;
			buildActionMask = 2147483647;
			files = (
				BD53A9B32C29C419002B4DC2 /* question3.swift in Sources */,
				BD53A9B12C29C40B002B4DC2 /* question2.swift in Sources */,
				BD53A9872C29C3CC002B4DC2 /* ContentView.swift in Sources */,
				BD53A9AF2C29C3F9002B4DC2 /* question1.swift in Sources */,
				BD53A9852C29C3CC002B4DC2 /* questionsappApp.swift in Sources */,
				BD53A9B52C29C425002B4DC2 /* end.swift in Sources */,
			);
			runOnlyForDeploymentPostprocessing = 0;
		};
		BD53A98D2C29C3CE002B4DC2 /* Sources */ = {
			isa = PBXSourcesBuildPhase;
			buildActionMask = 2147483647;
			files = (
				BD53A9962C29C3CE002B4DC2 /* questionsappTests.swift in Sources */,
			);
			runOnlyForDeploymentPostprocessing = 0;
		};
		BD53A9972C29C3CE002B4DC2 /* Sources */ = {
			isa = PBXSourcesBuildPhase;
			buildActionMask = 2147483647;
			files = (
				BD53A9A22C29C3CE002B4DC2 /* questionsappUITestsLaunchTests.swift in Sources */,
				BD53A9A02C29C3CE002B4DC2 /* questionsappUITests.swift in Sources */,
			);
			runOnlyForDeploymentPostprocessing = 0;
		};
/* End PBXSourcesBuildPhase section */

/* Begin PBXTargetDependency section */
		BD53A9932C29C3CE002B4DC2 /* PBXTargetDependency */ = {
			isa = PBXTargetDependency;
			target = BD53A9802C29C3CC002B4DC2 /* questionsapp */;
			targetProxy = BD53A9922C29C3CE002B4DC2 /* PBXContainerItemProxy */;
		};
		BD53A99D2C29C3CE002B4DC2 /* PBXTargetDependency */ = {
			isa = PBXTargetDependency;
			target = BD53A9802C29C3CC002B4DC2 /* questionsapp */;
			targetProxy = BD53A99C2C29C3CE002B4DC2 /* PBXContainerItemProxy */;
		};
/* End PBXTargetDependency section */

/* Begin XCBuildConfiguration section */
		BD53A9A32C29C3CE002B4DC2 /* Debug */ = {
			isa = XCBuildConfiguration;
			buildSettings = {
				ALWAYS_SEARCH_USER_PATHS = NO;
				ASSETCATALOG_COMPILER_GENERATE_SWIFT_ASSET_SYMBOL_EXTENSIONS = YES;
				CLANG_ANALYZER_NONNULL = YES;
				CLANG_ANALYZER_NUMBER_OBJECT_CONVERSION = YES_AGGRESSIVE;
				CLANG_CXX_LANGUAGE_STANDARD = "gnu++20";
				CLANG_ENABLE_MODULES = YES;
				CLANG_ENABLE_OBJC_ARC = YES;
				CLANG_ENABLE_OBJC_WEAK = YES;
				CLANG_WARN_BLOCK_CAPTURE_AUTORELEASING = YES;
				CLANG_WARN_BOOL_CONVERSION = YES;
				CLANG_WARN_COMMA = YES;
				CLANG_WARN_CONSTANT_CONVERSION = YES;
				CLANG_WARN_DEPRECATED_OBJC_IMPLEMENTATIONS = YES;
				CLANG_WARN_DIRECT_OBJC_ISA_USAGE = YES_ERROR;
				CLANG_WARN_DOCUMENTATION_COMMENTS = YES;
				CLANG_WARN_EMPTY_BODY = YES;
				CLANG_WARN_ENUM_CONVERSION = YES;
				CLANG_WARN_INFINITE_RECURSION = YES;
				CLANG_WARN_INT_CONVERSION = YES;
				CLANG_WARN_NON_LITERAL_NULL_CONVERSION = YES;
				CLANG_WARN_OBJC_IMPLICIT_RETAIN_SELF = YES;
				CLANG_WARN_OBJC_LITERAL_CONVERSION = YES;
				CLANG_WARN_OBJC_ROOT_CLASS = YES_ERROR;
				CLANG_WARN_QUOTED_INCLUDE_IN_FRAMEWORK_HEADER = YES;
				CLANG_WARN_RANGE_LOOP_ANALYSIS = YES;
				CLANG_WARN_STRICT_PROTOTYPES = YES;
				CLANG_WARN_SUSPICIOUS_MOVE = YES;
				CLANG_WARN_UNGUARDED_AVAILABILITY = YES_AGGRESSIVE;
				CLANG_WARN_UNREACHABLE_CODE = YES;
				CLANG_WARN__DUPLICATE_METHOD_MATCH = YES;
				COPY_PHASE_STRIP = NO;
				DEBUG_INFORMATION_FORMAT = dwarf;
				ENABLE_STRICT_OBJC_MSGSEND = YES;
				ENABLE_TESTABILITY = YES;
				ENABLE_USER_SCRIPT_SANDBOXING = YES;
				GCC_C_LANGUAGE_STANDARD = gnu17;
				GCC_DYNAMIC_NO_PIC = NO;
				GCC_NO_COMMON_BLOCKS = YES;
				GCC_OPTIMIZATION_LEVEL = 0;
				GCC_PREPROCESSOR_DEFINITIONS = (
					"DEBUG=1",
					"$(inherited)",
				);
				GCC_WARN_64_TO_32_BIT_CONVERSION = YES;
				GCC_WARN_ABOUT_RETURN_TYPE = YES_ERROR;
				GCC_WARN_UNDECLARED_SELECTOR = YES;
				GCC_WARN_UNINITIALIZED_AUTOS = YES_AGGRESSIVE;
				GCC_WARN_UNUSED_FUNCTION = YES;
				GCC_WARN_UNUSED_VARIABLE = YES;
				IPHONEOS_DEPLOYMENT_TARGET = 17.5;
				LOCALIZATION_PREFERS_STRING_CATALOGS = YES;
				MTL_ENABLE_DEBUG_INFO = INCLUDE_SOURCE;
				MTL_FAST_MATH = YES;
				ONLY_ACTIVE_ARCH = YES;
				SDKROOT = iphoneos;
				SWIFT_ACTIVE_COMPILATION_CONDITIONS = "DEBUG $(inherited)";
				SWIFT_OPTIMIZATION_LEVEL = "-Onone";
			};
			name = Debug;
		};
		BD53A9A42C29C3CE002B4DC2 /* Release */ = {
			isa = XCBuildConfiguration;
			buildSettings = {
				ALWAYS_SEARCH_USER_PATHS = NO;
				ASSETCATALOG_COMPILER_GENERATE_SWIFT_ASSET_SYMBOL_EXTENSIONS = YES;
				CLANG_ANALYZER_NONNULL = YES;
				CLANG_ANALYZER_NUMBER_OBJECT_CONVERSION = YES_AGGRESSIVE;
				CLANG_CXX_LANGUAGE_STANDARD = "gnu++20";
				CLANG_ENABLE_MODULES = YES;
				CLANG_ENABLE_OBJC_ARC = YES;
				CLANG_ENABLE_OBJC_WEAK = YES;
				CLANG_WARN_BLOCK_CAPTURE_AUTORELEASING = YES;
				CLANG_WARN_BOOL_CONVERSION = YES;
				CLANG_WARN_COMMA = YES;
				CLANG_WARN_CONSTANT_CONVERSION = YES;
				CLANG_WARN_DEPRECATED_OBJC_IMPLEMENTATIONS = YES;
				CLANG_WARN_DIRECT_OBJC_ISA_USAGE = YES_ERROR;
				CLANG_WARN_DOCUMENTATION_COMMENTS = YES;
				CLANG_WARN_EMPTY_BODY = YES;
				CLANG_WARN_ENUM_CONVERSION = YES;
				CLANG_WARN_INFINITE_RECURSION = YES;
				CLANG_WARN_INT_CONVERSION = YES;
				CLANG_WARN_NON_LITERAL_NULL_CONVERSION = YES;
				CLANG_WARN_OBJC_IMPLICIT_RETAIN_SELF = YES;
				CLANG_WARN_OBJC_LITERAL_CONVERSION = YES;
				CLANG_WARN_OBJC_ROOT_CLASS = YES_ERROR;
				CLANG_WARN_QUOTED_INCLUDE_IN_FRAMEWORK_HEADER = YES;
				CLANG_WARN_RANGE_LOOP_ANALYSIS = YES;
				CLANG_WARN_STRICT_PROTOTYPES = YES;
				CLANG_WARN_SUSPICIOUS_MOVE = YES;
				CLANG_WARN_UNGUARDED_AVAILABILITY = YES_AGGRESSIVE;
				CLANG_WARN_UNREACHABLE_CODE = YES;
				CLANG_WARN__DUPLICATE_METHOD_MATCH = YES;
				COPY_PHASE_STRIP = NO;
				DEBUG_INFORMATION_FORMAT = "dwarf-with-dsym";
				ENABLE_NS_ASSERTIONS = NO;
				ENABLE_STRICT_OBJC_MSGSEND = YES;
				ENABLE_USER_SCRIPT_SANDBOXING = YES;
				GCC_C_LANGUAGE_STANDARD = gnu17;
				GCC_NO_COMMON_BLOCKS = YES;
				GCC_WARN_64_TO_32_BIT_CONVERSION = YES;
				GCC_WARN_ABOUT_RETURN_TYPE = YES_ERROR;
				GCC_WARN_UNDECLARED_SELECTOR = YES;
				GCC_WARN_UNINITIALIZED_AUTOS = YES_AGGRESSIVE;
				GCC_WARN_UNUSED_FUNCTION = YES;
				GCC_WARN_UNUSED_VARIABLE = YES;
				IPHONEOS_DEPLOYMENT_TARGET = 17.5;
				LOCALIZATION_PREFERS_STRING_CATALOGS = YES;
				MTL_ENABLE_DEBUG_INFO = NO;
				MTL_FAST_MATH = YES;
				SDKROOT = iphoneos;
				SWIFT_COMPILATION_MODE = wholemodule;
				VALIDATE_PRODUCT = YES;
			};
			name = Release;
		};
		BD53A9A62C29C3CE002B4DC2 /* Debug */ = {
			isa = XCBuildConfiguration;
			buildSettings = {
				ASSETCATALOG_COMPILER_APPICON_NAME = AppIcon;
				ASSETCATALOG_COMPILER_GLOBAL_ACCENT_COLOR_NAME = AccentColor;
				CODE_SIGN_STYLE = Automatic;
				CURRENT_PROJECT_VERSION = 1;
				DEVELOPMENT_ASSET_PATHS = "\"questionsapp/Preview Content\"";
				ENABLE_PREVIEWS = YES;
				GENERATE_INFOPLIST_FILE = YES;
				INFOPLIST_KEY_UIApplicationSceneManifest_Generation = YES;
				INFOPLIST_KEY_UIApplicationSupportsIndirectInputEvents = YES;
				INFOPLIST_KEY_UILaunchScreen_Generation = YES;
				INFOPLIST_KEY_UISupportedInterfaceOrientations_iPad = "UIInterfaceOrientationPortrait UIInterfaceOrientationPortraitUpsideDown UIInterfaceOrientationLandscapeLeft UIInterfaceOrientationLandscapeRight";
				INFOPLIST_KEY_UISupportedInterfaceOrientations_iPhone = "UIInterfaceOrientationPortrait UIInterfaceOrientationLandscapeLeft UIInterfaceOrientationLandscapeRight";
				LD_RUNPATH_SEARCH_PATHS = (
					"$(inherited)",
					"@executable_path/Frameworks",
				);
				MARKETING_VERSION = 1.0;
				PRODUCT_BUNDLE_IDENTIFIER = kwk.questionsapp;
				PRODUCT_NAME = "$(TARGET_NAME)";
				SWIFT_EMIT_LOC_STRINGS = YES;
				SWIFT_VERSION = 5.0;
				TARGETED_DEVICE_FAMILY = "1,2";
			};
			name = Debug;
		};
		BD53A9A72C29C3CE002B4DC2 /* Release */ = {
			isa = XCBuildConfiguration;
			buildSettings = {
				ASSETCATALOG_COMPILER_APPICON_NAME = AppIcon;
				ASSETCATALOG_COMPILER_GLOBAL_ACCENT_COLOR_NAME = AccentColor;
				CODE_SIGN_STYLE = Automatic;
				CURRENT_PROJECT_VERSION = 1;
				DEVELOPMENT_ASSET_PATHS = "\"questionsapp/Preview Content\"";
				ENABLE_PREVIEWS = YES;
				GENERATE_INFOPLIST_FILE = YES;
				INFOPLIST_KEY_UIApplicationSceneManifest_Generation = YES;
				INFOPLIST_KEY_UIApplicationSupportsIndirectInputEvents = YES;
				INFOPLIST_KEY_UILaunchScreen_Generation = YES;
				INFOPLIST_KEY_UISupportedInterfaceOrientations_iPad = "UIInterfaceOrientationPortrait UIInterfaceOrientationPortraitUpsideDown UIInterfaceOrientationLandscapeLeft UIInterfaceOrientationLandscapeRight";
				INFOPLIST_KEY_UISupportedInterfaceOrientations_iPhone = "UIInterfaceOrientationPortrait UIInterfaceOrientationLandscapeLeft UIInterfaceOrientationLandscapeRight";
				LD_RUNPATH_SEARCH_PATHS = (
					"$(inherited)",
					"@executable_path/Frameworks",
				);
				MARKETING_VERSION = 1.0;
				PRODUCT_BUNDLE_IDENTIFIER = kwk.questionsapp;
				PRODUCT_NAME = "$(TARGET_NAME)";
				SWIFT_EMIT_LOC_STRINGS = YES;
				SWIFT_VERSION = 5.0;
				TARGETED_DEVICE_FAMILY = "1,2";
			};
			name = Release;
		};
		BD53A9A92C29C3CE002B4DC2 /* Debug */ = {
			isa = XCBuildConfiguration;
			buildSettings = {
				ALWAYS_EMBED_SWIFT_STANDARD_LIBRARIES = YES;
				BUNDLE_LOADER = "$(TEST_HOST)";
				CODE_SIGN_STYLE = Automatic;
				CURRENT_PROJECT_VERSION = 1;
				GENERATE_INFOPLIST_FILE = YES;
				IPHONEOS_DEPLOYMENT_TARGET = 17.5;
				MARKETING_VERSION = 1.0;
				PRODUCT_BUNDLE_IDENTIFIER = kwk.questionsappTests;
				PRODUCT_NAME = "$(TARGET_NAME)";
				SWIFT_EMIT_LOC_STRINGS = NO;
				SWIFT_VERSION = 5.0;
				TARGETED_DEVICE_FAMILY = "1,2";
				TEST_HOST = "$(BUILT_PRODUCTS_DIR)/questionsapp.app/$(BUNDLE_EXECUTABLE_FOLDER_PATH)/questionsapp";
			};
			name = Debug;
		};
		BD53A9AA2C29C3CE002B4DC2 /* Release */ = {
			isa = XCBuildConfiguration;
			buildSettings = {
				ALWAYS_EMBED_SWIFT_STANDARD_LIBRARIES = YES;
				BUNDLE_LOADER = "$(TEST_HOST)";
				CODE_SIGN_STYLE = Automatic;
				CURRENT_PROJECT_VERSION = 1;
				GENERATE_INFOPLIST_FILE = YES;
				IPHONEOS_DEPLOYMENT_TARGET = 17.5;
				MARKETING_VERSION = 1.0;
				PRODUCT_BUNDLE_IDENTIFIER = kwk.questionsappTests;
				PRODUCT_NAME = "$(TARGET_NAME)";
				SWIFT_EMIT_LOC_STRINGS = NO;
				SWIFT_VERSION = 5.0;
				TARGETED_DEVICE_FAMILY = "1,2";
				TEST_HOST = "$(BUILT_PRODUCTS_DIR)/questionsapp.app/$(BUNDLE_EXECUTABLE_FOLDER_PATH)/questionsapp";
			};
			name = Release;
		};
		BD53A9AC2C29C3CE002B4DC2 /* Debug */ = {
			isa = XCBuildConfiguration;
			buildSettings = {
				ALWAYS_EMBED_SWIFT_STANDARD_LIBRARIES = YES;
				CODE_SIGN_STYLE = Automatic;
				CURRENT_PROJECT_VERSION = 1;
				GENERATE_INFOPLIST_FILE = YES;
				MARKETING_VERSION = 1.0;
				PRODUCT_BUNDLE_IDENTIFIER = kwk.questionsappUITests;
				PRODUCT_NAME = "$(TARGET_NAME)";
				SWIFT_EMIT_LOC_STRINGS = NO;
				SWIFT_VERSION = 5.0;
				TARGETED_DEVICE_FAMILY = "1,2";
				TEST_TARGET_NAME = questionsapp;
			};
			name = Debug;
		};
		BD53A9AD2C29C3CE002B4DC2 /* Release */ = {
			isa = XCBuildConfiguration;
			buildSettings = {
				ALWAYS_EMBED_SWIFT_STANDARD_LIBRARIES = YES;
				CODE_SIGN_STYLE = Automatic;
				CURRENT_PROJECT_VERSION = 1;
				GENERATE_INFOPLIST_FILE = YES;
				MARKETING_VERSION = 1.0;
				PRODUCT_BUNDLE_IDENTIFIER = kwk.questionsappUITests;
				PRODUCT_NAME = "$(TARGET_NAME)";
				SWIFT_EMIT_LOC_STRINGS = NO;
				SWIFT_VERSION = 5.0;
				TARGETED_DEVICE_FAMILY = "1,2";
				TEST_TARGET_NAME = questionsapp;
			};
			name = Release;
		};
/* End XCBuildConfiguration section */

/* Begin XCConfigurationList section */
		BD53A97C2C29C3CC002B4DC2 /* Build configuration list for PBXProject "questionsapp" */ = {
			isa = XCConfigurationList;
			buildConfigurations = (
				BD53A9A32C29C3CE002B4DC2 /* Debug */,
				BD53A9A42C29C3CE002B4DC2 /* Release */,
			);
			defaultConfigurationIsVisible = 0;
			defaultConfigurationName = Release;
		};
		BD53A9A52C29C3CE002B4DC2 /* Build configuration list for PBXNativeTarget "questionsapp" */ = {
			isa = XCConfigurationList;
			buildConfigurations = (
				BD53A9A62C29C3CE002B4DC2 /* Debug */,
				BD53A9A72C29C3CE002B4DC2 /* Release */,
			);
			defaultConfigurationIsVisible = 0;
			defaultConfigurationName = Release;
		};
		BD53A9A82C29C3CE002B4DC2 /* Build configuration list for PBXNativeTarget "questionsappTests" */ = {
			isa = XCConfigurationList;
			buildConfigurations = (
				BD53A9A92C29C3CE002B4DC2 /* Debug */,
				BD53A9AA2C29C3CE002B4DC2 /* Release */,
			);
			defaultConfigurationIsVisible = 0;
			defaultConfigurationName = Release;
		};
		BD53A9AB2C29C3CE002B4DC2 /* Build configuration list for PBXNativeTarget "questionsappUITests" */ = {
			isa = XCConfigurationList;
			buildConfigurations = (
				BD53A9AC2C29C3CE002B4DC2 /* Debug */,
				BD53A9AD2C29C3CE002B4DC2 /* Release */,
			);
			defaultConfigurationIsVisible = 0;
			defaultConfigurationName = Release;
		};
/* End XCConfigurationList section */
	};
	rootObject = BD53A9792C29C3CC002B4DC2 /* Project object */;
}
